# This file is automatically @generated by Cargo.
# It is not intended for manual editing.
version = 3

[[package]]
name = "dotenv"
version = "0.15.0"
source = "registry+https://github.com/rust-lang/crates.io-index"
checksum = "77c90badedccf4105eca100756a0b1289e191f6fcbdadd3cee1d2f614f97da8f"

[[package]]
name = "either"
version = "1.6.1"
source = "registry+https://github.com/rust-lang/crates.io-index"
checksum = "e78d4f1cc4ae33bbfc157ed5d5a5ef3bc29227303d595861deb238fcec4e9457"

[[package]]
name = "itertools"
version = "0.8.2"
source = "registry+https://github.com/rust-lang/crates.io-index"
checksum = "f56a2d0bc861f9165be4eb3442afd3c236d8a98afd426f65d92324ae1091a484"
dependencies = [
 "either",
]

[[package]]
name = "pandoc"
version = "0.8.8"
source = "registry+https://github.com/rust-lang/crates.io-index"
checksum = "0eac785b7de8de25c5ec48b3a9df1be552de03906f99145ed6d7da3d696c0dbb"
dependencies = [
 "itertools",
]

[[package]]
name = "static-rs"
version = "0.1.0"
dependencies = [
 "dotenv",
 "pandoc",
]
